
Microsoft Visual Studio Solution File, Format Version 12.00
Project("{2150E333-8FDC-42A3-9474-1A3956D46DE8}") = "Final", "Final", "{5E927C43-8A4B-4D5E-A377-7638D00A1FC5}"
EndProject
Project("{FAE04EC0-301F-11D3-BF4B-00C04F79EFBC}") = "Warehouse", "Final\Warehouse\Warehouse.csproj", "{ED70BFCA-58F2-4114-A2FA-B4D85AC80DA4}"
EndProject
Project("{FAE04EC0-301F-11D3-BF4B-00C04F79EFBC}") = "Warehouse.Api", "Final\Warehouse.Api\Warehouse.Api.csproj", "{1EE9783C-8F60-4E96-B03C-C1FE28BB9D2C}"
EndProject
Project("{FAE04EC0-301F-11D3-BF4B-00C04F79EFBC}") = "Warehouse.Api.Tests", "Final\Warehouse.Api.Tests\Warehouse.Api.Tests.csproj", "{1C3F40F8-FBD6-4D82-9942-4DD98F35F8AC}"
EndProject
Project("{2150E333-8FDC-42A3-9474-1A3956D46DE8}") = "Empty", "Empty", "{6EBC6A17-D1D8-4B36-A55D-E0F1E0C43880}"
EndProject
Project("{FAE04EC0-301F-11D3-BF4B-00C04F79EFBC}") = "Warehouse.Api", "Empty\Warehouse.Api\Warehouse.Api.csproj", "{7D93DADA-1105-4DCC-868D-23AB99D3567C}"
EndProject
Project("{FAE04EC0-301F-11D3-BF4B-00C04F79EFBC}") = "Warehouse.Api.Tests", "Empty\Warehouse.Api.Tests\Warehouse.Api.Tests.csproj", "{4F9AF79B-950F-4598-843F-A7B725229F43}"
EndProject
Project("{2150E333-8FDC-42A3-9474-1A3956D46DE8}") = "Mediator", "Mediator", "{5E939E77-ABDD-4C99-B3BD-C4C73B3B108B}"
EndProject
Project("{FAE04EC0-301F-11D3-BF4B-00C04F79EFBC}") = "Warehouse", "Mediator\Warehouse\Warehouse.csproj", "{283547B2-B3D5-4246-A20A-EF05C63AC883}"
EndProject
Project("{FAE04EC0-301F-11D3-BF4B-00C04F79EFBC}") = "Warehouse.Api", "Mediator\Warehouse.Api\Warehouse.Api.csproj", "{C40B9900-8F05-4F23-ADE3-103333308BB9}"
EndProject
Project("{FAE04EC0-301F-11D3-BF4B-00C04F79EFBC}") = "Warehouse.Api.Tests", "Mediator\Warehouse.Api.Tests\Warehouse.Api.Tests.csproj", "{F9074808-3CF0-4CA6-BBF8-32055BE86362}"
EndProject
Global
	GlobalSection(SolutionConfigurationPlatforms) = preSolution
		Debug|Any CPU = Debug|Any CPU
		Release|Any CPU = Release|Any CPU
	EndGlobalSection
	GlobalSection(NestedProjects) = preSolution
		{ED70BFCA-58F2-4114-A2FA-B4D85AC80DA4} = {5E927C43-8A4B-4D5E-A377-7638D00A1FC5}
		{1EE9783C-8F60-4E96-B03C-C1FE28BB9D2C} = {5E927C43-8A4B-4D5E-A377-7638D00A1FC5}
		{1C3F40F8-FBD6-4D82-9942-4DD98F35F8AC} = {5E927C43-8A4B-4D5E-A377-7638D00A1FC5}
		{7D93DADA-1105-4DCC-868D-23AB99D3567C} = {6EBC6A17-D1D8-4B36-A55D-E0F1E0C43880}
		{4F9AF79B-950F-4598-843F-A7B725229F43} = {6EBC6A17-D1D8-4B36-A55D-E0F1E0C43880}
		{283547B2-B3D5-4246-A20A-EF05C63AC883} = {5E939E77-ABDD-4C99-B3BD-C4C73B3B108B}
		{C40B9900-8F05-4F23-ADE3-103333308BB9} = {5E939E77-ABDD-4C99-B3BD-C4C73B3B108B}
		{F9074808-3CF0-4CA6-BBF8-32055BE86362} = {5E939E77-ABDD-4C99-B3BD-C4C73B3B108B}
	EndGlobalSection
	GlobalSection(ProjectConfigurationPlatforms) = postSolution
		{ED70BFCA-58F2-4114-A2FA-B4D85AC80DA4}.Debug|Any CPU.ActiveCfg = Debug|Any CPU
		{ED70BFCA-58F2-4114-A2FA-B4D85AC80DA4}.Debug|Any CPU.Build.0 = Debug|Any CPU
		{ED70BFCA-58F2-4114-A2FA-B4D85AC80DA4}.Release|Any CPU.ActiveCfg = Release|Any CPU
		{ED70BFCA-58F2-4114-A2FA-B4D85AC80DA4}.Release|Any CPU.Build.0 = Release|Any CPU
		{1EE9783C-8F60-4E96-B03C-C1FE28BB9D2C}.Debug|Any CPU.ActiveCfg = Debug|Any CPU
		{1EE9783C-8F60-4E96-B03C-C1FE28BB9D2C}.Debug|Any CPU.Build.0 = Debug|Any CPU
		{1EE9783C-8F60-4E96-B03C-C1FE28BB9D2C}.Release|Any CPU.ActiveCfg = Release|Any CPU
		{1EE9783C-8F60-4E96-B03C-C1FE28BB9D2C}.Release|Any CPU.Build.0 = Release|Any CPU
		{1C3F40F8-FBD6-4D82-9942-4DD98F35F8AC}.Debug|Any CPU.ActiveCfg = Debug|Any CPU
		{1C3F40F8-FBD6-4D82-9942-4DD98F35F8AC}.Debug|Any CPU.Build.0 = Debug|Any CPU
		{1C3F40F8-FBD6-4D82-9942-4DD98F35F8AC}.Release|Any CPU.ActiveCfg = Release|Any CPU
		{1C3F40F8-FBD6-4D82-9942-4DD98F35F8AC}.Release|Any CPU.Build.0 = Release|Any CPU
		{7D93DADA-1105-4DCC-868D-23AB99D3567C}.Debug|Any CPU.ActiveCfg = Debug|Any CPU
		{7D93DADA-1105-4DCC-868D-23AB99D3567C}.Debug|Any CPU.Build.0 = Debug|Any CPU
		{7D93DADA-1105-4DCC-868D-23AB99D3567C}.Release|Any CPU.ActiveCfg = Release|Any CPU
		{7D93DADA-1105-4DCC-868D-23AB99D3567C}.Release|Any CPU.Build.0 = Release|Any CPU
		{4F9AF79B-950F-4598-843F-A7B725229F43}.Debug|Any CPU.ActiveCfg = Debug|Any CPU
		{4F9AF79B-950F-4598-843F-A7B725229F43}.Debug|Any CPU.Build.0 = Debug|Any CPU
		{4F9AF79B-950F-4598-843F-A7B725229F43}.Release|Any CPU.ActiveCfg = Release|Any CPU
		{4F9AF79B-950F-4598-843F-A7B725229F43}.Release|Any CPU.Build.0 = Release|Any CPU
		{283547B2-B3D5-4246-A20A-EF05C63AC883}.Debug|Any CPU.ActiveCfg = Debug|Any CPU
		{283547B2-B3D5-4246-A20A-EF05C63AC883}.Debug|Any CPU.Build.0 = Debug|Any CPU
		{283547B2-B3D5-4246-A20A-EF05C63AC883}.Release|Any CPU.ActiveCfg = Release|Any CPU
		{283547B2-B3D5-4246-A20A-EF05C63AC883}.Release|Any CPU.Build.0 = Release|Any CPU
		{C40B9900-8F05-4F23-ADE3-103333308BB9}.Debug|Any CPU.ActiveCfg = Debug|Any CPU
		{C40B9900-8F05-4F23-ADE3-103333308BB9}.Debug|Any CPU.Build.0 = Debug|Any CPU
		{C40B9900-8F05-4F23-ADE3-103333308BB9}.Release|Any CPU.ActiveCfg = Release|Any CPU
		{C40B9900-8F05-4F23-ADE3-103333308BB9}.Release|Any CPU.Build.0 = Release|Any CPU
		{F9074808-3CF0-4CA6-BBF8-32055BE86362}.Debug|Any CPU.ActiveCfg = Debug|Any CPU
		{F9074808-3CF0-4CA6-BBF8-32055BE86362}.Debug|Any CPU.Build.0 = Debug|Any CPU
		{F9074808-3CF0-4CA6-BBF8-32055BE86362}.Release|Any CPU.ActiveCfg = Release|Any CPU
		{F9074808-3CF0-4CA6-BBF8-32055BE86362}.Release|Any CPU.Build.0 = Release|Any CPU
	EndGlobalSection
EndGlobal
